// !$*UTF8*$!
{
	archiveVersion = 1;
	classes = {
	};
	objectVersion = 56;
	objects = {

/* Begin PBXBuildFile section */
		46BDC4592A436C3800E50B7E /* FlightTimelineApp.swift in Sources */ = {isa = PBXBuildFile; fileRef = 46BDC4582A436C3800E50B7E /* FlightTimelineApp.swift */; };
		46BDC45B2A436C3800E50B7E /* ContentView.swift in Sources */ = {isa = PBXBuildFile; fileRef = 46BDC45A2A436C3800E50B7E /* ContentView.swift */; };
		46BDC45D2A436C3800E50B7E /* Assets.xcassets in Resources */ = {isa = PBXBuildFile; fileRef = 46BDC45C2A436C3800E50B7E /* Assets.xcassets */; };
		46BDC4602A436C3800E50B7E /* Preview Assets.xcassets in Resources */ = {isa = PBXBuildFile; fileRef = 46BDC45F2A436C3800E50B7E /* Preview Assets.xcassets */; };
		46BDC4672A436C5A00E50B7E /* HomeScreenView.swift in Sources */ = {isa = PBXBuildFile; fileRef = 46BDC4662A436C5A00E50B7E /* HomeScreenView.swift */; };
		46BDC4692A436D3400E50B7E /* UserProfileView.swift in Sources */ = {isa = PBXBuildFile; fileRef = 46BDC4682A436D3400E50B7E /* UserProfileView.swift */; };
		46BDC46B2A436E4400E50B7E /* FlightBoardView.swift in Sources */ = {isa = PBXBuildFile; fileRef = 46BDC46A2A436E4400E50B7E /* FlightBoardView.swift */; };
		46FABFEE2A4C62B900DE7522 /* FlightHistory.swift in Sources */ = {isa = PBXBuildFile; fileRef = 46FABFED2A4C62B900DE7522 /* FlightHistory.swift */; };
		46FABFF02A4C62D900DE7522 /* FlightInformation.swift in Sources */ = {isa = PBXBuildFile; fileRef = 46FABFEF2A4C62D900DE7522 /* FlightInformation.swift */; };
		46FABFF72A4C65B100DE7522 /* TimelineTableViewCell.swift in Sources */ = {isa = PBXBuildFile; fileRef = 46FABFF22A4C65B100DE7522 /* TimelineTableViewCell.swift */; };
		46FABFF82A4C65B100DE7522 /* Timeline.swift in Sources */ = {isa = PBXBuildFile; fileRef = 46FABFF32A4C65B100DE7522 /* Timeline.swift */; };
		46FABFF92A4C65B100DE7522 /* TimelinePoint.swift in Sources */ = {isa = PBXBuildFile; fileRef = 46FABFF52A4C65B100DE7522 /* TimelinePoint.swift */; };
		46FABFFA2A4C65B100DE7522 /* TimelineTableViewCell.xib in Resources */ = {isa = PBXBuildFile; fileRef = 46FABFF62A4C65B100DE7522 /* TimelineTableViewCell.xib */; };
		46FABFFE2A4C786100DE7522 /* TimeLineView.swift in Sources */ = {isa = PBXBuildFile; fileRef = 46FABFFD2A4C786100DE7522 /* TimeLineView.swift */; };
/* End PBXBuildFile section */

/* Begin PBXFileReference section */
		46BDC4552A436C3800E50B7E /* FlightTimeline.app */ = {isa = PBXFileReference; explicitFileType = wrapper.application; includeInIndex = 0; path = FlightTimeline.app; sourceTree = BUILT_PRODUCTS_DIR; };
		46BDC4582A436C3800E50B7E /* FlightTimelineApp.swift */ = {isa = PBXFileReference; lastKnownFileType = sourcecode.swift; path = FlightTimelineApp.swift; sourceTree = "<group>"; };
		46BDC45A2A436C3800E50B7E /* ContentView.swift */ = {isa = PBXFileReference; lastKnownFileType = sourcecode.swift; path = ContentView.swift; sourceTree = "<group>"; };
		46BDC45C2A436C3800E50B7E /* Assets.xcassets */ = {isa = PBXFileReference; lastKnownFileType = folder.assetcatalog; path = Assets.xcassets; sourceTree = "<group>"; };
		46BDC45F2A436C3800E50B7E /* Preview Assets.xcassets */ = {isa = PBXFileReference; lastKnownFileType = folder.assetcatalog; path = "Preview Assets.xcassets"; sourceTree = "<group>"; };
		46BDC4662A436C5A00E50B7E /* HomeScreenView.swift */ = {isa = PBXFileReference; lastKnownFileType = sourcecode.swift; path = HomeScreenView.swift; sourceTree = "<group>"; };
		46BDC4682A436D3400E50B7E /* UserProfileView.swift */ = {isa = PBXFileReference; lastKnownFileType = sourcecode.swift; path = UserProfileView.swift; sourceTree = "<group>"; };
		46BDC46A2A436E4400E50B7E /* FlightBoardView.swift */ = {isa = PBXFileReference; lastKnownFileType = sourcecode.swift; path = FlightBoardView.swift; sourceTree = "<group>"; };
		46FABFED2A4C62B900DE7522 /* FlightHistory.swift */ = {isa = PBXFileReference; fileEncoding = 4; lastKnownFileType = sourcecode.swift; path = FlightHistory.swift; sourceTree = "<group>"; };
		46FABFEF2A4C62D900DE7522 /* FlightInformation.swift */ = {isa = PBXFileReference; fileEncoding = 4; lastKnownFileType = sourcecode.swift; path = FlightInformation.swift; sourceTree = "<group>"; };
		46FABFF22A4C65B100DE7522 /* TimelineTableViewCell.swift */ = {isa = PBXFileReference; fileEncoding = 4; lastKnownFileType = sourcecode.swift; path = TimelineTableViewCell.swift; sourceTree = "<group>"; };
		46FABFF32A4C65B100DE7522 /* Timeline.swift */ = {isa = PBXFileReference; fileEncoding = 4; lastKnownFileType = sourcecode.swift; path = Timeline.swift; sourceTree = "<group>"; };
		46FABFF42A4C65B100DE7522 /* TimelineTableViewCell.h */ = {isa = PBXFileReference; fileEncoding = 4; lastKnownFileType = sourcecode.c.h; path = TimelineTableViewCell.h; sourceTree = "<group>"; };
		46FABFF52A4C65B100DE7522 /* TimelinePoint.swift */ = {isa = PBXFileReference; fileEncoding = 4; lastKnownFileType = sourcecode.swift; path = TimelinePoint.swift; sourceTree = "<group>"; };
		46FABFF62A4C65B100DE7522 /* TimelineTableViewCell.xib */ = {isa = PBXFileReference; fileEncoding = 4; lastKnownFileType = file.xib; path = TimelineTableViewCell.xib; sourceTree = "<group>"; };
		46FABFFD2A4C786100DE7522 /* TimeLineView.swift */ = {isa = PBXFileReference; fileEncoding = 4; lastKnownFileType = sourcecode.swift; path = TimeLineView.swift; sourceTree = "<group>"; };
/* End PBXFileReference section */

/* Begin PBXFrameworksBuildPhase section */
		46BDC4522A436C3800E50B7E /* Frameworks */ = {
			isa = PBXFrameworksBuildPhase;
			buildActionMask = 2147483647;
			files = (
			);
			runOnlyForDeploymentPostprocessing = 0;
		};
/* End PBXFrameworksBuildPhase section */

/* Begin PBXGroup section */
		46BDC44C2A436C3800E50B7E = {
			isa = PBXGroup;
			children = (
				46BDC4572A436C3800E50B7E /* FlightTimeline */,
				46BDC4562A436C3800E50B7E /* Products */,
			);
			sourceTree = "<group>";
		};
		46BDC4562A436C3800E50B7E /* Products */ = {
			isa = PBXGroup;
			children = (
				46BDC4552A436C3800E50B7E /* FlightTimeline.app */,
			);
			name = Products;
			sourceTree = "<group>";
		};
		46BDC4572A436C3800E50B7E /* FlightTimeline */ = {
			isa = PBXGroup;
			children = (
				46BDC4582A436C3800E50B7E /* FlightTimelineApp.swift */,
				46FABFF12A4C65B100DE7522 /* TimelineTableViewCell */,
				46FABFEC2A4C626800DE7522 /* Models */,
				46FABFEA2A4C61D300DE7522 /* Views */,
				46BDC45C2A436C3800E50B7E /* Assets.xcassets */,
				46BDC45E2A436C3800E50B7E /* Preview Content */,
			);
			path = FlightTimeline;
			sourceTree = "<group>";
		};
		46BDC45E2A436C3800E50B7E /* Preview Content */ = {
			isa = PBXGroup;
			children = (
				46BDC45F2A436C3800E50B7E /* Preview Assets.xcassets */,
			);
			path = "Preview Content";
			sourceTree = "<group>";
		};
		46FABFEA2A4C61D300DE7522 /* Views */ = {
			isa = PBXGroup;
			children = (
				46BDC4682A436D3400E50B7E /* UserProfileView.swift */,
				46BDC4662A436C5A00E50B7E /* HomeScreenView.swift */,
				46BDC45A2A436C3800E50B7E /* ContentView.swift */,
				46FABFFD2A4C786100DE7522 /* TimeLineView.swift */,
				46BDC46A2A436E4400E50B7E /* FlightBoardView.swift */,
			);
			path = Views;
			sourceTree = "<group>";
		};
		46FABFEC2A4C626800DE7522 /* Models */ = {
			isa = PBXGroup;
			children = (
				46FABFEF2A4C62D900DE7522 /* FlightInformation.swift */,
				46FABFED2A4C62B900DE7522 /* FlightHistory.swift */,
			);
			path = Models;
			sourceTree = "<group>";
		};
		46FABFF12A4C65B100DE7522 /* TimelineTableViewCell */ = {
			isa = PBXGroup;
			children = (
				46FABFF22A4C65B100DE7522 /* TimelineTableViewCell.swift */,
				46FABFF32A4C65B100DE7522 /* Timeline.swift */,
				46FABFF42A4C65B100DE7522 /* TimelineTableViewCell.h */,
				46FABFF52A4C65B100DE7522 /* TimelinePoint.swift */,
				46FABFF62A4C65B100DE7522 /* TimelineTableViewCell.xib */,
			);
			path = TimelineTableViewCell;
			sourceTree = "<group>";
		};
/* End PBXGroup section */

/* Begin PBXNativeTarget section */
		46BDC4542A436C3800E50B7E /* FlightTimeline */ = {
			isa = PBXNativeTarget;
			buildConfigurationList = 46BDC4632A436C3800E50B7E /* Build configuration list for PBXNativeTarget "FlightTimeline" */;
			buildPhases = (
				46BDC4512A436C3800E50B7E /* Sources */,
				46BDC4522A436C3800E50B7E /* Frameworks */,
				46BDC4532A436C3800E50B7E /* Resources */,
			);
			buildRules = (
			);
			dependencies = (
			);
			name = FlightTimeline;
			productName = FlightTimeline;
			productReference = 46BDC4552A436C3800E50B7E /* FlightTimeline.app */;
			productType = "com.apple.product-type.application";
		};
/* End PBXNativeTarget section */

/* Begin PBXProject section */
		46BDC44D2A436C3800E50B7E /* Project object */ = {
			isa = PBXProject;
			attributes = {
				BuildIndependentTargetsInParallel = 1;
				LastSwiftUpdateCheck = 1420;
				LastUpgradeCheck = 1420;
				TargetAttributes = {
					46BDC4542A436C3800E50B7E = {
						CreatedOnToolsVersion = 14.2;
					};
				};
			};
			buildConfigurationList = 46BDC4502A436C3800E50B7E /* Build configuration list for PBXProject "FlightTimeline" */;
			compatibilityVersion = "Xcode 14.0";
			developmentRegion = en;
			hasScannedForEncodings = 0;
			knownRegions = (
				en,
				Base,
			);
			mainGroup = 46BDC44C2A436C3800E50B7E;
			productRefGroup = 46BDC4562A436C3800E50B7E /* Products */;
			projectDirPath = "";
			projectRoot = "";
			targets = (
				46BDC4542A436C3800E50B7E /* FlightTimeline */,
			);
		};
/* End PBXProject section */

/* Begin PBXResourcesBuildPhase section */
		46BDC4532A436C3800E50B7E /* Resources */ = {
			isa = PBXResourcesBuildPhase;
			buildActionMask = 2147483647;
			files = (
				46BDC4602A436C3800E50B7E /* Preview Assets.xcassets in Resources */,
				46FABFFA2A4C65B100DE7522 /* TimelineTableViewCell.xib in Resources */,
				46BDC45D2A436C3800E50B7E /* Assets.xcassets in Resources */,
			);
			runOnlyForDeploymentPostprocessing = 0;
		};
/* End PBXResourcesBuildPhase section */

/* Begin PBXSourcesBuildPhase section */
		46BDC4512A436C3800E50B7E /* Sources */ = {
			isa = PBXSourcesBuildPhase;
			buildActionMask = 2147483647;
			files = (
				46FABFFE2A4C786100DE7522 /* TimeLineView.swift in Sources */,
				46FABFF82A4C65B100DE7522 /* Timeline.swift in Sources */,
				46FABFF72A4C65B100DE7522 /* TimelineTableViewCell.swift in Sources */,
				46FABFF02A4C62D900DE7522 /* FlightInformation.swift in Sources */,
				46BDC4672A436C5A00E50B7E /* HomeScreenView.swift in Sources */,
				46BDC45B2A436C3800E50B7E /* ContentView.swift in Sources */,
				46BDC4592A436C3800E50B7E /* FlightTimelineApp.swift in Sources */,
				46BDC46B2A436E4400E50B7E /* FlightBoardView.swift in Sources */,
				46FABFEE2A4C62B900DE7522 /* FlightHistory.swift in Sources */,
				46BDC4692A436D3400E50B7E /* UserProfileView.swift in Sources */,
				46FABFF92A4C65B100DE7522 /* TimelinePoint.swift in Sources */,
			);
			runOnlyForDeploymentPostprocessing = 0;
		};
/* End PBXSourcesBuildPhase section */

/* Begin XCBuildConfiguration section */
		46BDC4612A436C3800E50B7E /* Debug */ = {
			isa = XCBuildConfiguration;
			buildSettings = {
				ALWAYS_SEARCH_USER_PATHS = NO;
				CLANG_ANALYZER_NONNULL = YES;
				CLANG_ANALYZER_NUMBER_OBJECT_CONVERSION = YES_AGGRESSIVE;
				CLANG_CXX_LANGUAGE_STANDARD = "gnu++20";
				CLANG_ENABLE_MODULES = YES;
				CLANG_ENABLE_OBJC_ARC = YES;
				CLANG_ENABLE_OBJC_WEAK = YES;
				CLANG_WARN_BLOCK_CAPTURE_AUTORELEASING = YES;
				CLANG_WARN_BOOL_CONVERSION = YES;
				CLANG_WARN_COMMA = YES;
				CLANG_WARN_CONSTANT_CONVERSION = YES;
				CLANG_WARN_DEPRECATED_OBJC_IMPLEMENTATIONS = YES;
				CLANG_WARN_DIRECT_OBJC_ISA_USAGE = YES_ERROR;
				CLANG_WARN_DOCUMENTATION_COMMENTS = YES;
				CLANG_WARN_EMPTY_BODY = YES;
				CLANG_WARN_ENUM_CONVERSION = YES;
				CLANG_WARN_INFINITE_RECURSION = YES;
				CLANG_WARN_INT_CONVERSION = YES;
				CLANG_WARN_NON_LITERAL_NULL_CONVERSION = YES;
				CLANG_WARN_OBJC_IMPLICIT_RETAIN_SELF = YES;
				CLANG_WARN_OBJC_LITERAL_CONVERSION = YES;
				CLANG_WARN_OBJC_ROOT_CLASS = YES_ERROR;
				CLANG_WARN_QUOTED_INCLUDE_IN_FRAMEWORK_HEADER = YES;
				CLANG_WARN_RANGE_LOOP_ANALYSIS = YES;
				CLANG_WARN_STRICT_PROTOTYPES = YES;
				CLANG_WARN_SUSPICIOUS_MOVE = YES;
				CLANG_WARN_UNGUARDED_AVAILABILITY = YES_AGGRESSIVE;
				CLANG_WARN_UNREACHABLE_CODE = YES;
				CLANG_WARN__DUPLICATE_METHOD_MATCH = YES;
				COPY_PHASE_STRIP = NO;
				DEBUG_INFORMATION_FORMAT = dwarf;
				ENABLE_STRICT_OBJC_MSGSEND = YES;
				ENABLE_TESTABILITY = YES;
				GCC_C_LANGUAGE_STANDARD = gnu11;
				GCC_DYNAMIC_NO_PIC = NO;
				GCC_NO_COMMON_BLOCKS = YES;
				GCC_OPTIMIZATION_LEVEL = 0;
				GCC_PREPROCESSOR_DEFINITIONS = (
					"DEBUG=1",
					"$(inherited)",
				);
				GCC_WARN_64_TO_32_BIT_CONVERSION = YES;
				GCC_WARN_ABOUT_RETURN_TYPE = YES_ERROR;
				GCC_WARN_UNDECLARED_SELECTOR = YES;
				GCC_WARN_UNINITIALIZED_AUTOS = YES_AGGRESSIVE;
				GCC_WARN_UNUSED_FUNCTION = YES;
				GCC_WARN_UNUSED_VARIABLE = YES;
				IPHONEOS_DEPLOYMENT_TARGET = 16.2;
				MTL_ENABLE_DEBUG_INFO = INCLUDE_SOURCE;
				MTL_FAST_MATH = YES;
				ONLY_ACTIVE_ARCH = YES;
				SDKROOT = iphoneos;
				SWIFT_ACTIVE_COMPILATION_CONDITIONS = DEBUG;
				SWIFT_OPTIMIZATION_LEVEL = "-Onone";
			};
			name = Debug;
		};
		46BDC4622A436C3800E50B7E /* Release */ = {
			isa = XCBuildConfiguration;
			buildSettings = {
				ALWAYS_SEARCH_USER_PATHS = NO;
				CLANG_ANALYZER_NONNULL = YES;
				CLANG_ANALYZER_NUMBER_OBJECT_CONVERSION = YES_AGGRESSIVE;
				CLANG_CXX_LANGUAGE_STANDARD = "gnu++20";
				CLANG_ENABLE_MODULES = YES;
				CLANG_ENABLE_OBJC_ARC = YES;
				CLANG_ENABLE_OBJC_WEAK = YES;
				CLANG_WARN_BLOCK_CAPTURE_AUTORELEASING = YES;
				CLANG_WARN_BOOL_CONVERSION = YES;
				CLANG_WARN_COMMA = YES;
				CLANG_WARN_CONSTANT_CONVERSION = YES;
				CLANG_WARN_DEPRECATED_OBJC_IMPLEMENTATIONS = YES;
				CLANG_WARN_DIRECT_OBJC_ISA_USAGE = YES_ERROR;
				CLANG_WARN_DOCUMENTATION_COMMENTS = YES;
				CLANG_WARN_EMPTY_BODY = YES;
				CLANG_WARN_ENUM_CONVERSION = YES;
				CLANG_WARN_INFINITE_RECURSION = YES;
				CLANG_WARN_INT_CONVERSION = YES;
				CLANG_WARN_NON_LITERAL_NULL_CONVERSION = YES;
				CLANG_WARN_OBJC_IMPLICIT_RETAIN_SELF = YES;
				CLANG_WARN_OBJC_LITERAL_CONVERSION = YES;
				CLANG_WARN_OBJC_ROOT_CLASS = YES_ERROR;
				CLANG_WARN_QUOTED_INCLUDE_IN_FRAMEWORK_HEADER = YES;
				CLANG_WARN_RANGE_LOOP_ANALYSIS = YES;
				CLANG_WARN_STRICT_PROTOTYPES = YES;
				CLANG_WARN_SUSPICIOUS_MOVE = YES;
				CLANG_WARN_UNGUARDED_AVAILABILITY = YES_AGGRESSIVE;
				CLANG_WARN_UNREACHABLE_CODE = YES;
				CLANG_WARN__DUPLICATE_METHOD_MATCH = YES;
				COPY_PHASE_STRIP = NO;
				DEBUG_INFORMATION_FORMAT = "dwarf-with-dsym";
				ENABLE_NS_ASSERTIONS = NO;
				ENABLE_STRICT_OBJC_MSGSEND = YES;
				GCC_C_LANGUAGE_STANDARD = gnu11;
				GCC_NO_COMMON_BLOCKS = YES;
				GCC_WARN_64_TO_32_BIT_CONVERSION = YES;
				GCC_WARN_ABOUT_RETURN_TYPE = YES_ERROR;
				GCC_WARN_UNDECLARED_SELECTOR = YES;
				GCC_WARN_UNINITIALIZED_AUTOS = YES_AGGRESSIVE;
				GCC_WARN_UNUSED_FUNCTION = YES;
				GCC_WARN_UNUSED_VARIABLE = YES;
				IPHONEOS_DEPLOYMENT_TARGET = 16.2;
				MTL_ENABLE_DEBUG_INFO = NO;
				MTL_FAST_MATH = YES;
				SDKROOT = iphoneos;
				SWIFT_COMPILATION_MODE = wholemodule;
				SWIFT_OPTIMIZATION_LEVEL = "-O";
				VALIDATE_PRODUCT = YES;
			};
			name = Release;
		};
		46BDC4642A436C3800E50B7E /* Debug */ = {
			isa = XCBuildConfiguration;
			buildSettings = {
				ASSETCATALOG_COMPILER_APPICON_NAME = AppIcon;
				ASSETCATALOG_COMPILER_GLOBAL_ACCENT_COLOR_NAME = AccentColor;
				CODE_SIGN_STYLE = Automatic;
				CURRENT_PROJECT_VERSION = 1;
				DEVELOPMENT_ASSET_PATHS = "\"FlightTimeline/Preview Content\"";
				DEVELOPMENT_TEAM = RLGV5KZ4KA;
				ENABLE_PREVIEWS = YES;
				GENERATE_INFOPLIST_FILE = YES;
				INFOPLIST_KEY_UIApplicationSceneManifest_Generation = YES;
				INFOPLIST_KEY_UIApplicationSupportsIndirectInputEvents = YES;
				INFOPLIST_KEY_UILaunchScreen_Generation = YES;
				INFOPLIST_KEY_UISupportedInterfaceOrientations_iPad = "UIInterfaceOrientationPortrait UIInterfaceOrientationPortraitUpsideDown UIInterfaceOrientationLandscapeLeft UIInterfaceOrientationLandscapeRight";
				INFOPLIST_KEY_UISupportedInterfaceOrientations_iPhone = "UIInterfaceOrientationPortrait UIInterfaceOrientationLandscapeLeft UIInterfaceOrientationLandscapeRight";
				LD_RUNPATH_SEARCH_PATHS = (
					"$(inherited)",
					"@executable_path/Frameworks",
				);
				MARKETING_VERSION = 1.0;
				PRODUCT_BUNDLE_IDENTIFIER = SmartActive.FlightTimeline;
				PRODUCT_NAME = "$(TARGET_NAME)";
				SWIFT_EMIT_LOC_STRINGS = YES;
				SWIFT_VERSION = 5.0;
				TARGETED_DEVICE_FAMILY = "1,2";
			};
			name = Debug;
		};
		46BDC4652A436C3800E50B7E /* Release */ = {
			isa = XCBuildConfiguration;
			buildSettings = {
				ASSETCATALOG_COMPILER_APPICON_NAME = AppIcon;
				ASSETCATALOG_COMPILER_GLOBAL_ACCENT_COLOR_NAME = AccentColor;
				CODE_SIGN_STYLE = Automatic;
				CURRENT_PROJECT_VERSION = 1;
				DEVELOPMENT_ASSET_PATHS = "\"FlightTimeline/Preview Content\"";
				DEVELOPMENT_TEAM = RLGV5KZ4KA;
				ENABLE_PREVIEWS = YES;
				GENERATE_INFOPLIST_FILE = YES;
				INFOPLIST_KEY_UIApplicationSceneManifest_Generation = YES;
				INFOPLIST_KEY_UIApplicationSupportsIndirectInputEvents = YES;
				INFOPLIST_KEY_UILaunchScreen_Generation = YES;
				INFOPLIST_KEY_UISupportedInterfaceOrientations_iPad = "UIInterfaceOrientationPortrait UIInterfaceOrientationPortraitUpsideDown UIInterfaceOrientationLandscapeLeft UIInterfaceOrientationLandscapeRight";
				INFOPLIST_KEY_UISupportedInterfaceOrientations_iPhone = "UIInterfaceOrientationPortrait UIInterfaceOrientationLandscapeLeft UIInterfaceOrientationLandscapeRight";
				LD_RUNPATH_SEARCH_PATHS = (
					"$(inherited)",
					"@executable_path/Frameworks",
				);
				MARKETING_VERSION = 1.0;
				PRODUCT_BUNDLE_IDENTIFIER = SmartActive.FlightTimeline;
				PRODUCT_NAME = "$(TARGET_NAME)";
				SWIFT_EMIT_LOC_STRINGS = YES;
				SWIFT_VERSION = 5.0;
				TARGETED_DEVICE_FAMILY = "1,2";
			};
			name = Release;
		};
/* End XCBuildConfiguration section */

/* Begin XCConfigurationList section */
		46BDC4502A436C3800E50B7E /* Build configuration list for PBXProject "FlightTimeline" */ = {
			isa = XCConfigurationList;
			buildConfigurations = (
				46BDC4612A436C3800E50B7E /* Debug */,
				46BDC4622A436C3800E50B7E /* Release */,
			);
			defaultConfigurationIsVisible = 0;
			defaultConfigurationName = Release;
		};
		46BDC4632A436C3800E50B7E /* Build configuration list for PBXNativeTarget "FlightTimeline" */ = {
			isa = XCConfigurationList;
			buildConfigurations = (
				46BDC4642A436C3800E50B7E /* Debug */,
				46BDC4652A436C3800E50B7E /* Release */,
			);
			defaultConfigurationIsVisible = 0;
			defaultConfigurationName = Release;
		};
/* End XCConfigurationList section */
	};
	rootObject = 46BDC44D2A436C3800E50B7E /* Project object */;
}
